
Microsoft Visual Studio Solution File, Format Version 12.00
# Visual Studio Version 16
VisualStudioVersion = 16.0.31424.327
MinimumVisualStudioVersion = 10.0.40219.1
Project("{9A19103F-16F7-4668-BE54-9A1E7A4F7556}") = "DataBlinding.Elementos", "DataBlinding.Elementos\DataBlinding.Elementos.csproj", "{9CFDE4D9-0DCE-4408-B8E6-604A80F51F5D}"
EndProject
Project("{9A19103F-16F7-4668-BE54-9A1E7A4F7556}") = "DataBinding.ObjetoSimple", "DataBinding.ObjetoSimple\DataBinding.ObjetoSimple.csproj", "{D00AA4E1-4078-42AA-9D4B-DC18AC6A5F3F}"
EndProject
Project("{FAE04EC0-301F-11D3-BF4B-00C04F79EFBC}") = "DataBinding.Collections", "DataBinding.Collections\DataBinding.Collections.csproj", "{652DDF3F-EA9A-4DFA-BE9A-C2C7C140EA5A}"
EndProject
Global
	GlobalSection(SolutionConfigurationPlatforms) = preSolution
		Debug|Any CPU = Debug|Any CPU
		Release|Any CPU = Release|Any CPU
	EndGlobalSection
	GlobalSection(ProjectConfigurationPlatforms) = postSolution
		{9CFDE4D9-0DCE-4408-B8E6-604A80F51F5D}.Debug|Any CPU.ActiveCfg = Debug|Any CPU
		{9CFDE4D9-0DCE-4408-B8E6-604A80F51F5D}.Debug|Any CPU.Build.0 = Debug|Any CPU
		{9CFDE4D9-0DCE-4408-B8E6-604A80F51F5D}.Release|Any CPU.ActiveCfg = Release|Any CPU
		{9CFDE4D9-0DCE-4408-B8E6-604A80F51F5D}.Release|Any CPU.Build.0 = Release|Any CPU
		{D00AA4E1-4078-42AA-9D4B-DC18AC6A5F3F}.Debug|Any CPU.ActiveCfg = Debug|Any CPU
		{D00AA4E1-4078-42AA-9D4B-DC18AC6A5F3F}.Debug|Any CPU.Build.0 = Debug|Any CPU
		{D00AA4E1-4078-42AA-9D4B-DC18AC6A5F3F}.Release|Any CPU.ActiveCfg = Release|Any CPU
		{D00AA4E1-4078-42AA-9D4B-DC18AC6A5F3F}.Release|Any CPU.Build.0 = Release|Any CPU
		{652DDF3F-EA9A-4DFA-BE9A-C2C7C140EA5A}.Debug|Any CPU.ActiveCfg = Debug|Any CPU
		{652DDF3F-EA9A-4DFA-BE9A-C2C7C140EA5A}.Debug|Any CPU.Build.0 = Debug|Any CPU
		{652DDF3F-EA9A-4DFA-BE9A-C2C7C140EA5A}.Release|Any CPU.ActiveCfg = Release|Any CPU
		{652DDF3F-EA9A-4DFA-BE9A-C2C7C140EA5A}.Release|Any CPU.Build.0 = Release|Any CPU
	EndGlobalSection
	GlobalSection(SolutionProperties) = preSolution
		HideSolutionNode = FALSE
	EndGlobalSection
	GlobalSection(ExtensibilityGlobals) = postSolution
		SolutionGuid = {50CE8DD1-D165-4D86-A1F4-ECF1D5592673}
	EndGlobalSection
EndGlobal
